
Microsoft Visual Studio Solution File, Format Version 12.00
# Visual Studio Version 16
VisualStudioVersion = 16.0.31321.278
MinimumVisualStudioVersion = 10.0.40219.1
Project("{FAE04EC0-301F-11D3-BF4B-00C04F79EFBC}") = "BigSchool", "BigSchool\BigSchool.csproj", "{3F250E84-2C15-43F4-8E7A-26D9E2BC8A98}"
EndProject
Global
	GlobalSection(SolutionConfigurationPlatforms) = preSolution
		Debug|Any CPU = Debug|Any CPU
		Release|Any CPU = Release|Any CPU
	EndGlobalSection
	GlobalSection(ProjectConfigurationPlatforms) = postSolution
		{3F250E84-2C15-43F4-8E7A-26D9E2BC8A98}.Debug|Any CPU.ActiveCfg = Debug|Any CPU
		{3F250E84-2C15-43F4-8E7A-26D9E2BC8A98}.Debug|Any CPU.Build.0 = Debug|Any CPU
		{3F250E84-2C15-43F4-8E7A-26D9E2BC8A98}.Release|Any CPU.ActiveCfg = Release|Any CPU
		{3F250E84-2C15-43F4-8E7A-26D9E2BC8A98}.Release|Any CPU.Build.0 = Release|Any CPU
	EndGlobalSection
	GlobalSection(SolutionProperties) = preSolution
		HideSolutionNode = FALSE
	EndGlobalSection
	GlobalSection(ExtensibilityGlobals) = postSolution
		SolutionGuid = {71DBDEA1-FFCB-4CFE-B8C5-794032309AAF}
	EndGlobalSection
EndGlobal
